
Microsoft Visual Studio Solution File, Format Version 12.00
# Visual Studio Version 17
VisualStudioVersion = 17.11.35219.272
MinimumVisualStudioVersion = 10.0.40219.1
Project("{2150E333-8FDC-42A3-9474-1A3956D46DE8}") = "Services", "Services", "{82A1A057-6600-4562-AAA7-89565342F919}"
EndProject
Project("{2150E333-8FDC-42A3-9474-1A3956D46DE8}") = "Catalog", "Catalog", "{3CD18FB9-2BEB-48C6-8B05-B7952508EC9D}"
EndProject
Project("{FAE04EC0-301F-11D3-BF4B-00C04F79EFBC}") = "Catalog.API", "Services\Catalog\Catalog.API\Catalog.API.csproj", "{D2229FD3-A37D-445C-B2B1-67F79B69FFD2}"
EndProject
Project("{E53339B2-1760-4266-BCC7-CA923CBCF16C}") = "docker-compose", "docker-compose.dcproj", "{6F7FD3EE-595B-43DE-8A5E-D01DECC3D7CA}"
EndProject
Project("{2150E333-8FDC-42A3-9474-1A3956D46DE8}") = "Basket", "Basket", "{02EA681E-C7D8-13C7-8484-4AC65E1B71E8}"
EndProject
Project("{FAE04EC0-301F-11D3-BF4B-00C04F79EFBC}") = "Basket.API1", "Services\Basket\Basket.API\Basket.API1.csproj", "{8217CCA2-0A5B-438E-B519-DB6B61BFD3C4}"
EndProject
Project("{2150E333-8FDC-42A3-9474-1A3956D46DE8}") = "Discount", "Discount", "{1B4F8212-A4EF-4E6A-9CBF-27C4724E913F}"
EndProject
Project("{FAE04EC0-301F-11D3-BF4B-00C04F79EFBC}") = "Discount.API", "Services\Discount\Discount.API\Discount.API.csproj", "{23B6B061-A28B-4475-9428-92182CC27BBA}"
EndProject
Project("{FAE04EC0-301F-11D3-BF4B-00C04F79EFBC}") = "Discount.GRPC", "Services\Discount\Discount.GRPC\Discount.GRPC.csproj", "{7B2477D4-B2FD-47C7-99B3-A122C15B8079}"
EndProject
Project("{2150E333-8FDC-42A3-9474-1A3956D46DE8}") = "Ordering", "Ordering", "{DBA52710-2B1C-4FF6-AFD3-75FEC0186676}"
EndProject
Project("{FAE04EC0-301F-11D3-BF4B-00C04F79EFBC}") = "Ordering.API", "Services\Ordering\Ordering.API\Ordering.API.csproj", "{4769388E-2096-4D62-AFEE-33B5CBC5FCC0}"
EndProject
Project("{FAE04EC0-301F-11D3-BF4B-00C04F79EFBC}") = "Ordering.Domain", "Services\Ordering\Ordering.Domain\Ordering.Domain.csproj", "{792CC1A0-8F37-430D-BE6E-5CB76B16C46A}"
EndProject
Project("{FAE04EC0-301F-11D3-BF4B-00C04F79EFBC}") = "Ordering.Application", "Services\Ordering\Ordering.Application\Ordering.Application.csproj", "{47F2140B-AD54-4E78-9B49-FB55E7F85C7C}"
EndProject
Project("{FAE04EC0-301F-11D3-BF4B-00C04F79EFBC}") = "Ordering.Infrastructure", "Services\Ordering\Ordering.Infrastructure\Ordering.Infrastructure.csproj", "{2D6F8605-0265-4D79-A03B-6DA72F681811}"
EndProject
Project("{FAE04EC0-301F-11D3-BF4B-00C04F79EFBC}") = "Basket.API", "Services\Basket\Basket.API\Basket.API.csproj", "{DEEC0B6B-E00F-45A5-B2DA-49D7B3E45253}"
EndProject
Global
	GlobalSection(SolutionConfigurationPlatforms) = preSolution
		Debug|Any CPU = Debug|Any CPU
		Release|Any CPU = Release|Any CPU
	EndGlobalSection
	GlobalSection(ProjectConfigurationPlatforms) = postSolution
		{D2229FD3-A37D-445C-B2B1-67F79B69FFD2}.Debug|Any CPU.ActiveCfg = Debug|Any CPU
		{D2229FD3-A37D-445C-B2B1-67F79B69FFD2}.Debug|Any CPU.Build.0 = Debug|Any CPU
		{D2229FD3-A37D-445C-B2B1-67F79B69FFD2}.Release|Any CPU.ActiveCfg = Release|Any CPU
		{D2229FD3-A37D-445C-B2B1-67F79B69FFD2}.Release|Any CPU.Build.0 = Release|Any CPU
		{6F7FD3EE-595B-43DE-8A5E-D01DECC3D7CA}.Debug|Any CPU.ActiveCfg = Debug|Any CPU
		{6F7FD3EE-595B-43DE-8A5E-D01DECC3D7CA}.Debug|Any CPU.Build.0 = Debug|Any CPU
		{6F7FD3EE-595B-43DE-8A5E-D01DECC3D7CA}.Release|Any CPU.ActiveCfg = Release|Any CPU
		{6F7FD3EE-595B-43DE-8A5E-D01DECC3D7CA}.Release|Any CPU.Build.0 = Release|Any CPU
		{8217CCA2-0A5B-438E-B519-DB6B61BFD3C4}.Debug|Any CPU.ActiveCfg = Debug|Any CPU
		{8217CCA2-0A5B-438E-B519-DB6B61BFD3C4}.Debug|Any CPU.Build.0 = Debug|Any CPU
		{8217CCA2-0A5B-438E-B519-DB6B61BFD3C4}.Release|Any CPU.ActiveCfg = Release|Any CPU
		{8217CCA2-0A5B-438E-B519-DB6B61BFD3C4}.Release|Any CPU.Build.0 = Release|Any CPU
		{23B6B061-A28B-4475-9428-92182CC27BBA}.Debug|Any CPU.ActiveCfg = Debug|Any CPU
		{23B6B061-A28B-4475-9428-92182CC27BBA}.Debug|Any CPU.Build.0 = Debug|Any CPU
		{23B6B061-A28B-4475-9428-92182CC27BBA}.Release|Any CPU.ActiveCfg = Release|Any CPU
		{23B6B061-A28B-4475-9428-92182CC27BBA}.Release|Any CPU.Build.0 = Release|Any CPU
		{7B2477D4-B2FD-47C7-99B3-A122C15B8079}.Debug|Any CPU.ActiveCfg = Debug|Any CPU
		{7B2477D4-B2FD-47C7-99B3-A122C15B8079}.Debug|Any CPU.Build.0 = Debug|Any CPU
		{7B2477D4-B2FD-47C7-99B3-A122C15B8079}.Release|Any CPU.ActiveCfg = Release|Any CPU
		{7B2477D4-B2FD-47C7-99B3-A122C15B8079}.Release|Any CPU.Build.0 = Release|Any CPU
		{4769388E-2096-4D62-AFEE-33B5CBC5FCC0}.Debug|Any CPU.ActiveCfg = Debug|Any CPU
		{4769388E-2096-4D62-AFEE-33B5CBC5FCC0}.Debug|Any CPU.Build.0 = Debug|Any CPU
		{4769388E-2096-4D62-AFEE-33B5CBC5FCC0}.Release|Any CPU.ActiveCfg = Release|Any CPU
		{4769388E-2096-4D62-AFEE-33B5CBC5FCC0}.Release|Any CPU.Build.0 = Release|Any CPU
		{792CC1A0-8F37-430D-BE6E-5CB76B16C46A}.Debug|Any CPU.ActiveCfg = Debug|Any CPU
		{792CC1A0-8F37-430D-BE6E-5CB76B16C46A}.Debug|Any CPU.Build.0 = Debug|Any CPU
		{792CC1A0-8F37-430D-BE6E-5CB76B16C46A}.Release|Any CPU.ActiveCfg = Release|Any CPU
		{792CC1A0-8F37-430D-BE6E-5CB76B16C46A}.Release|Any CPU.Build.0 = Release|Any CPU
		{47F2140B-AD54-4E78-9B49-FB55E7F85C7C}.Debug|Any CPU.ActiveCfg = Debug|Any CPU
		{47F2140B-AD54-4E78-9B49-FB55E7F85C7C}.Debug|Any CPU.Build.0 = Debug|Any CPU
		{47F2140B-AD54-4E78-9B49-FB55E7F85C7C}.Release|Any CPU.ActiveCfg = Release|Any CPU
		{47F2140B-AD54-4E78-9B49-FB55E7F85C7C}.Release|Any CPU.Build.0 = Release|Any CPU
		{2D6F8605-0265-4D79-A03B-6DA72F681811}.Debug|Any CPU.ActiveCfg = Debug|Any CPU
		{2D6F8605-0265-4D79-A03B-6DA72F681811}.Debug|Any CPU.Build.0 = Debug|Any CPU
		{2D6F8605-0265-4D79-A03B-6DA72F681811}.Release|Any CPU.ActiveCfg = Release|Any CPU
		{2D6F8605-0265-4D79-A03B-6DA72F681811}.Release|Any CPU.Build.0 = Release|Any CPU
		{DEEC0B6B-E00F-45A5-B2DA-49D7B3E45253}.Debug|Any CPU.ActiveCfg = Debug|Any CPU
		{DEEC0B6B-E00F-45A5-B2DA-49D7B3E45253}.Debug|Any CPU.Build.0 = Debug|Any CPU
		{DEEC0B6B-E00F-45A5-B2DA-49D7B3E45253}.Release|Any CPU.ActiveCfg = Release|Any CPU
		{DEEC0B6B-E00F-45A5-B2DA-49D7B3E45253}.Release|Any CPU.Build.0 = Release|Any CPU
	EndGlobalSection
	GlobalSection(SolutionProperties) = preSolution
		HideSolutionNode = FALSE
	EndGlobalSection
	GlobalSection(NestedProjects) = preSolution
		{3CD18FB9-2BEB-48C6-8B05-B7952508EC9D} = {82A1A057-6600-4562-AAA7-89565342F919}
		{D2229FD3-A37D-445C-B2B1-67F79B69FFD2} = {3CD18FB9-2BEB-48C6-8B05-B7952508EC9D}
		{02EA681E-C7D8-13C7-8484-4AC65E1B71E8} = {82A1A057-6600-4562-AAA7-89565342F919}
		{8217CCA2-0A5B-438E-B519-DB6B61BFD3C4} = {02EA681E-C7D8-13C7-8484-4AC65E1B71E8}
		{1B4F8212-A4EF-4E6A-9CBF-27C4724E913F} = {82A1A057-6600-4562-AAA7-89565342F919}
		{23B6B061-A28B-4475-9428-92182CC27BBA} = {1B4F8212-A4EF-4E6A-9CBF-27C4724E913F}
		{7B2477D4-B2FD-47C7-99B3-A122C15B8079} = {1B4F8212-A4EF-4E6A-9CBF-27C4724E913F}
		{DBA52710-2B1C-4FF6-AFD3-75FEC0186676} = {82A1A057-6600-4562-AAA7-89565342F919}
		{4769388E-2096-4D62-AFEE-33B5CBC5FCC0} = {DBA52710-2B1C-4FF6-AFD3-75FEC0186676}
		{792CC1A0-8F37-430D-BE6E-5CB76B16C46A} = {DBA52710-2B1C-4FF6-AFD3-75FEC0186676}
		{47F2140B-AD54-4E78-9B49-FB55E7F85C7C} = {DBA52710-2B1C-4FF6-AFD3-75FEC0186676}
		{2D6F8605-0265-4D79-A03B-6DA72F681811} = {DBA52710-2B1C-4FF6-AFD3-75FEC0186676}
		{DEEC0B6B-E00F-45A5-B2DA-49D7B3E45253} = {02EA681E-C7D8-13C7-8484-4AC65E1B71E8}
	EndGlobalSection
	GlobalSection(ExtensibilityGlobals) = postSolution
		SolutionGuid = {940AA74B-DF3C-422B-B4CE-0516DCFA15CF}
	EndGlobalSection
EndGlobal
